
Microsoft Visual Studio Solution File, Format Version 12.00
# Visual Studio Version 16
VisualStudioVersion = 16.0.31205.134
MinimumVisualStudioVersion = 10.0.40219.1
Project("{FAE04EC0-301F-11D3-BF4B-00C04F79EFBC}") = "Authentication_Authorization", "Authentication_Authorization\Authentication_Authorization.csproj", "{B743AC1C-D1AE-4FF3-949C-E84DCC5F1F40}"
EndProject
Global
	GlobalSection(SolutionConfigurationPlatforms) = preSolution
		Debug|Any CPU = Debug|Any CPU
		Release|Any CPU = Release|Any CPU
	EndGlobalSection
	GlobalSection(ProjectConfigurationPlatforms) = postSolution
		{B743AC1C-D1AE-4FF3-949C-E84DCC5F1F40}.Debug|Any CPU.ActiveCfg = Debug|Any CPU
		{B743AC1C-D1AE-4FF3-949C-E84DCC5F1F40}.Debug|Any CPU.Build.0 = Debug|Any CPU
		{B743AC1C-D1AE-4FF3-949C-E84DCC5F1F40}.Release|Any CPU.ActiveCfg = Release|Any CPU
		{B743AC1C-D1AE-4FF3-949C-E84DCC5F1F40}.Release|Any CPU.Build.0 = Release|Any CPU
	EndGlobalSection
	GlobalSection(SolutionProperties) = preSolution
		HideSolutionNode = FALSE
	EndGlobalSection
	GlobalSection(ExtensibilityGlobals) = postSolution
		SolutionGuid = {5EF65DE7-9C3C-40E8-8C00-174BD3E87467}
	EndGlobalSection
EndGlobal
